// !$*UTF8*$!
{
	archiveVersion = 1;
	classes = {
	};
	objectVersion = 46;
	objects = {

/* Begin PBXBuildFile section */
		37249BAC1EF132BA0037D6BE /* AppDelegate.swift in Sources */ = {isa = PBXBuildFile; fileRef = 37249BAB1EF132BA0037D6BE /* AppDelegate.swift */; };
		37249BAE1EF132BA0037D6BE /* ViewController.swift in Sources */ = {isa = PBXBuildFile; fileRef = 37249BAD1EF132BA0037D6BE /* ViewController.swift */; };
		37249BB11EF132BB0037D6BE /* Main.storyboard in Resources */ = {isa = PBXBuildFile; fileRef = 37249BAF1EF132BB0037D6BE /* Main.storyboard */; };
		37249BB31EF132BB0037D6BE /* Assets.xcassets in Resources */ = {isa = PBXBuildFile; fileRef = 37249BB21EF132BB0037D6BE /* Assets.xcassets */; };
		37249BB61EF132BB0037D6BE /* LaunchScreen.storyboard in Resources */ = {isa = PBXBuildFile; fileRef = 37249BB41EF132BB0037D6BE /* LaunchScreen.storyboard */; };
		37B5C1581EF3C0570097A038 /* CCArrayExtension.swift in Sources */ = {isa = PBXBuildFile; fileRef = 37B5C14D1EF3C0570097A038 /* CCArrayExtension.swift */; };
		37B5C1591EF3C0570097A038 /* CCAttributedStringExtension.swift in Sources */ = {isa = PBXBuildFile; fileRef = 37B5C14E1EF3C0570097A038 /* CCAttributedStringExtension.swift */; };
		37B5C15C1EF3C0570097A038 /* CCDateExtension.swift in Sources */ = {isa = PBXBuildFile; fileRef = 37B5C1511EF3C0570097A038 /* CCDateExtension.swift */; };
		37B5C15D1EF3C0570097A038 /* CCDecimalExtension.swift in Sources */ = {isa = PBXBuildFile; fileRef = 37B5C1521EF3C0570097A038 /* CCDecimalExtension.swift */; };
		37B5C15E1EF3C0570097A038 /* CCDictionaryExtension.swift in Sources */ = {isa = PBXBuildFile; fileRef = 37B5C1531EF3C0570097A038 /* CCDictionaryExtension.swift */; };
		37B5C15F1EF3C0570097A038 /* CCObjectExtension.swift in Sources */ = {isa = PBXBuildFile; fileRef = 37B5C1541EF3C0570097A038 /* CCObjectExtension.swift */; };
		37B5C1601EF3C0570097A038 /* CCStringExtension.swift in Sources */ = {isa = PBXBuildFile; fileRef = 37B5C1551EF3C0570097A038 /* CCStringExtension.swift */; };
		37B5C1611EF3C0570097A038 /* CCTimeIntervalExtension.swift in Sources */ = {isa = PBXBuildFile; fileRef = 37B5C1561EF3C0570097A038 /* CCTimeIntervalExtension.swift */; };
		37B5C1631EF3C07E0097A038 /* CCBarButtonItemExtension.swift in Sources */ = {isa = PBXBuildFile; fileRef = 37B5C1621EF3C07E0097A038 /* CCBarButtonItemExtension.swift */; };
		37B5C1651EF3C6650097A038 /* CCButtonExtension.swift in Sources */ = {isa = PBXBuildFile; fileRef = 37B5C1641EF3C6650097A038 /* CCButtonExtension.swift */; };
		37B5C1671EF3CA970097A038 /* ic_launcher_144.png in Resources */ = {isa = PBXBuildFile; fileRef = 37B5C1661EF3CA970097A038 /* ic_launcher_144.png */; };
		37B5C1731EF3DEDE0097A038 /* CCCommonDefine.swift in Sources */ = {isa = PBXBuildFile; fileRef = 37B5C1711EF3DEDE0097A038 /* CCCommonDefine.swift */; };
		37B5C1741EF3DEDE0097A038 /* CCCommonFunction.swift in Sources */ = {isa = PBXBuildFile; fileRef = 37B5C1721EF3DEDE0097A038 /* CCCommonFunction.swift */; };
		37B5C1761EF3DF740097A038 /* CCCollectionViewExtension.swift in Sources */ = {isa = PBXBuildFile; fileRef = 37B5C1751EF3DF740097A038 /* CCCollectionViewExtension.swift */; };
/* End PBXBuildFile section */

/* Begin PBXFileReference section */
		37249BA81EF132BA0037D6BE /* CCLocalLibrary-Swift.app */ = {isa = PBXFileReference; explicitFileType = wrapper.application; includeInIndex = 0; path = "CCLocalLibrary-Swift.app"; sourceTree = BUILT_PRODUCTS_DIR; };
		37249BAB1EF132BA0037D6BE /* AppDelegate.swift */ = {isa = PBXFileReference; lastKnownFileType = sourcecode.swift; path = AppDelegate.swift; sourceTree = "<group>"; };
		37249BAD1EF132BA0037D6BE /* ViewController.swift */ = {isa = PBXFileReference; lastKnownFileType = sourcecode.swift; path = ViewController.swift; sourceTree = "<group>"; };
		37249BB01EF132BB0037D6BE /* Base */ = {isa = PBXFileReference; lastKnownFileType = file.storyboard; name = Base; path = Base.lproj/Main.storyboard; sourceTree = "<group>"; };
		37249BB21EF132BB0037D6BE /* Assets.xcassets */ = {isa = PBXFileReference; lastKnownFileType = folder.assetcatalog; path = Assets.xcassets; sourceTree = "<group>"; };
		37249BB51EF132BB0037D6BE /* Base */ = {isa = PBXFileReference; lastKnownFileType = file.storyboard; name = Base; path = Base.lproj/LaunchScreen.storyboard; sourceTree = "<group>"; };
		37249BB71EF132BB0037D6BE /* Info.plist */ = {isa = PBXFileReference; lastKnownFileType = text.plist.xml; path = Info.plist; sourceTree = "<group>"; };
		37B5C1481EF3B8CA0097A038 /* CCLocalLibrary-Swift-Bridging-Header.h */ = {isa = PBXFileReference; lastKnownFileType = sourcecode.c.h; path = "CCLocalLibrary-Swift-Bridging-Header.h"; sourceTree = "<group>"; };
		37B5C14D1EF3C0570097A038 /* CCArrayExtension.swift */ = {isa = PBXFileReference; fileEncoding = 4; lastKnownFileType = sourcecode.swift; path = CCArrayExtension.swift; sourceTree = "<group>"; };
		37B5C14E1EF3C0570097A038 /* CCAttributedStringExtension.swift */ = {isa = PBXFileReference; fileEncoding = 4; lastKnownFileType = sourcecode.swift; path = CCAttributedStringExtension.swift; sourceTree = "<group>"; };
		37B5C1511EF3C0570097A038 /* CCDateExtension.swift */ = {isa = PBXFileReference; fileEncoding = 4; lastKnownFileType = sourcecode.swift; path = CCDateExtension.swift; sourceTree = "<group>"; };
		37B5C1521EF3C0570097A038 /* CCDecimalExtension.swift */ = {isa = PBXFileReference; fileEncoding = 4; lastKnownFileType = sourcecode.swift; path = CCDecimalExtension.swift; sourceTree = "<group>"; };
		37B5C1531EF3C0570097A038 /* CCDictionaryExtension.swift */ = {isa = PBXFileReference; fileEncoding = 4; lastKnownFileType = sourcecode.swift; path = CCDictionaryExtension.swift; sourceTree = "<group>"; };
		37B5C1541EF3C0570097A038 /* CCObjectExtension.swift */ = {isa = PBXFileReference; fileEncoding = 4; lastKnownFileType = sourcecode.swift; path = CCObjectExtension.swift; sourceTree = "<group>"; };
		37B5C1551EF3C0570097A038 /* CCStringExtension.swift */ = {isa = PBXFileReference; fileEncoding = 4; lastKnownFileType = sourcecode.swift; path = CCStringExtension.swift; sourceTree = "<group>"; };
		37B5C1561EF3C0570097A038 /* CCTimeIntervalExtension.swift */ = {isa = PBXFileReference; fileEncoding = 4; lastKnownFileType = sourcecode.swift; path = CCTimeIntervalExtension.swift; sourceTree = "<group>"; };
		37B5C1621EF3C07E0097A038 /* CCBarButtonItemExtension.swift */ = {isa = PBXFileReference; fileEncoding = 4; lastKnownFileType = sourcecode.swift; path = CCBarButtonItemExtension.swift; sourceTree = "<group>"; };
		37B5C1641EF3C6650097A038 /* CCButtonExtension.swift */ = {isa = PBXFileReference; fileEncoding = 4; lastKnownFileType = sourcecode.swift; path = CCButtonExtension.swift; sourceTree = "<group>"; };
		37B5C1661EF3CA970097A038 /* ic_launcher_144.png */ = {isa = PBXFileReference; lastKnownFileType = image.png; path = ic_launcher_144.png; sourceTree = "<group>"; };
		37B5C1711EF3DEDE0097A038 /* CCCommonDefine.swift */ = {isa = PBXFileReference; fileEncoding = 4; lastKnownFileType = sourcecode.swift; path = CCCommonDefine.swift; sourceTree = "<group>"; };
		37B5C1721EF3DEDE0097A038 /* CCCommonFunction.swift */ = {isa = PBXFileReference; fileEncoding = 4; lastKnownFileType = sourcecode.swift; path = CCCommonFunction.swift; sourceTree = "<group>"; };
		37B5C1751EF3DF740097A038 /* CCCollectionViewExtension.swift */ = {isa = PBXFileReference; fileEncoding = 4; lastKnownFileType = sourcecode.swift; path = CCCollectionViewExtension.swift; sourceTree = "<group>"; };
/* End PBXFileReference section */

/* Begin PBXFrameworksBuildPhase section */
		37249BA51EF132BA0037D6BE /* Frameworks */ = {
			isa = PBXFrameworksBuildPhase;
			buildActionMask = 2147483647;
			files = (
			);
			runOnlyForDeploymentPostprocessing = 0;
		};
/* End PBXFrameworksBuildPhase section */

/* Begin PBXGroup section */
		37249B9F1EF132BA0037D6BE = {
			isa = PBXGroup;
			children = (
				37249BBD1EF132FE0037D6BE /* CCLocalLib-Swift */,
				37249BAA1EF132BA0037D6BE /* CCLocalLibrary-Swift */,
				37249BA91EF132BA0037D6BE /* Products */,
			);
			sourceTree = "<group>";
		};
		37249BA91EF132BA0037D6BE /* Products */ = {
			isa = PBXGroup;
			children = (
				37249BA81EF132BA0037D6BE /* CCLocalLibrary-Swift.app */,
			);
			name = Products;
			sourceTree = "<group>";
		};
		37249BAA1EF132BA0037D6BE /* CCLocalLibrary-Swift */ = {
			isa = PBXGroup;
			children = (
				37B5C1661EF3CA970097A038 /* ic_launcher_144.png */,
				37249BAB1EF132BA0037D6BE /* AppDelegate.swift */,
				37249BAD1EF132BA0037D6BE /* ViewController.swift */,
				37249BAF1EF132BB0037D6BE /* Main.storyboard */,
				37249BB21EF132BB0037D6BE /* Assets.xcassets */,
				37249BB41EF132BB0037D6BE /* LaunchScreen.storyboard */,
				37249BB71EF132BB0037D6BE /* Info.plist */,
			);
			path = "CCLocalLibrary-Swift";
			sourceTree = "<group>";
		};
		37249BBD1EF132FE0037D6BE /* CCLocalLib-Swift */ = {
			isa = PBXGroup;
			children = (
				37249BC11EF133C20037D6BE /* LocalLib */,
			);
			path = "CCLocalLib-Swift";
			sourceTree = "<group>";
		};
		37249BC11EF133C20037D6BE /* LocalLib */ = {
			isa = PBXGroup;
			children = (
				37B5C16A1EF3DE9C0097A038 /* Common */,
				37B5C14C1EF3C0570097A038 /* Data */,
				37B5C1571EF3C0570097A038 /* View */,
				37B5C1471EF3B8B80097A038 /* Bridge */,
			);
			path = LocalLib;
			sourceTree = "<group>";
		};
		37B5C1471EF3B8B80097A038 /* Bridge */ = {
			isa = PBXGroup;
			children = (
				37B5C1481EF3B8CA0097A038 /* CCLocalLibrary-Swift-Bridging-Header.h */,
			);
			path = Bridge;
			sourceTree = "<group>";
		};
		37B5C14C1EF3C0570097A038 /* Data */ = {
			isa = PBXGroup;
			children = (
				37B5C14D1EF3C0570097A038 /* CCArrayExtension.swift */,
				37B5C14E1EF3C0570097A038 /* CCAttributedStringExtension.swift */,
				37B5C1511EF3C0570097A038 /* CCDateExtension.swift */,
				37B5C1521EF3C0570097A038 /* CCDecimalExtension.swift */,
				37B5C1531EF3C0570097A038 /* CCDictionaryExtension.swift */,
				37B5C1541EF3C0570097A038 /* CCObjectExtension.swift */,
				37B5C1551EF3C0570097A038 /* CCStringExtension.swift */,
				37B5C1561EF3C0570097A038 /* CCTimeIntervalExtension.swift */,
			);
			path = Data;
			sourceTree = "<group>";
		};
		37B5C1571EF3C0570097A038 /* View */ = {
			isa = PBXGroup;
			children = (
				37B5C1621EF3C07E0097A038 /* CCBarButtonItemExtension.swift */,
				37B5C1641EF3C6650097A038 /* CCButtonExtension.swift */,
				37B5C1751EF3DF740097A038 /* CCCollectionViewExtension.swift */,
			);
			path = View;
			sourceTree = "<group>";
		};
		37B5C16A1EF3DE9C0097A038 /* Common */ = {
			isa = PBXGroup;
			children = (
				37B5C1711EF3DEDE0097A038 /* CCCommonDefine.swift */,
				37B5C1721EF3DEDE0097A038 /* CCCommonFunction.swift */,
			);
			path = Common;
			sourceTree = "<group>";
		};
/* End PBXGroup section */

/* Begin PBXNativeTarget section */
		37249BA71EF132BA0037D6BE /* CCLocalLibrary-Swift */ = {
			isa = PBXNativeTarget;
			buildConfigurationList = 37249BBA1EF132BB0037D6BE /* Build configuration list for PBXNativeTarget "CCLocalLibrary-Swift" */;
			buildPhases = (
				37249BA41EF132BA0037D6BE /* Sources */,
				37249BA51EF132BA0037D6BE /* Frameworks */,
				37249BA61EF132BA0037D6BE /* Resources */,
			);
			buildRules = (
			);
			dependencies = (
			);
			name = "CCLocalLibrary-Swift";
			productName = "CCLocalLibrary-Swift";
			productReference = 37249BA81EF132BA0037D6BE /* CCLocalLibrary-Swift.app */;
			productType = "com.apple.product-type.application";
		};
/* End PBXNativeTarget section */

/* Begin PBXProject section */
		37249BA01EF132BA0037D6BE /* Project object */ = {
			isa = PBXProject;
			attributes = {
				LastSwiftUpdateCheck = 0830;
				LastUpgradeCheck = 0830;
				ORGANIZATIONNAME = "冯明庆";
				TargetAttributes = {
					37249BA71EF132BA0037D6BE = {
						CreatedOnToolsVersion = 8.3.3;
						DevelopmentTeam = Y6QZNMQWRN;
						LastSwiftMigration = 0830;
						ProvisioningStyle = Automatic;
					};
				};
			};
			buildConfigurationList = 37249BA31EF132BA0037D6BE /* Build configuration list for PBXProject "CCLocalLibrary-Swift" */;
			compatibilityVersion = "Xcode 3.2";
			developmentRegion = English;
			hasScannedForEncodings = 0;
			knownRegions = (
				en,
				Base,
			);
			mainGroup = 37249B9F1EF132BA0037D6BE;
			productRefGroup = 37249BA91EF132BA0037D6BE /* Products */;
			projectDirPath = "";
			projectRoot = "";
			targets = (
				37249BA71EF132BA0037D6BE /* CCLocalLibrary-Swift */,
			);
		};
/* End PBXProject section */

/* Begin PBXResourcesBuildPhase section */
		37249BA61EF132BA0037D6BE /* Resources */ = {
			isa = PBXResourcesBuildPhase;
			buildActionMask = 2147483647;
			files = (
				37249BB61EF132BB0037D6BE /* LaunchScreen.storyboard in Resources */,
				37249BB31EF132BB0037D6BE /* Assets.xcassets in Resources */,
				37249BB11EF132BB0037D6BE /* Main.storyboard in Resources */,
				37B5C1671EF3CA970097A038 /* ic_launcher_144.png in Resources */,
			);
			runOnlyForDeploymentPostprocessing = 0;
		};
/* End PBXResourcesBuildPhase section */

/* Begin PBXSourcesBuildPhase section */
		37249BA41EF132BA0037D6BE /* Sources */ = {
			isa = PBXSourcesBuildPhase;
			buildActionMask = 2147483647;
			files = (
				37B5C15F1EF3C0570097A038 /* CCObjectExtension.swift in Sources */,
				37B5C15C1EF3C0570097A038 /* CCDateExtension.swift in Sources */,
				37B5C1741EF3DEDE0097A038 /* CCCommonFunction.swift in Sources */,
				37B5C1601EF3C0570097A038 /* CCStringExtension.swift in Sources */,
				37249BAE1EF132BA0037D6BE /* ViewController.swift in Sources */,
				37249BAC1EF132BA0037D6BE /* AppDelegate.swift in Sources */,
				37B5C1651EF3C6650097A038 /* CCButtonExtension.swift in Sources */,
				37B5C15D1EF3C0570097A038 /* CCDecimalExtension.swift in Sources */,
				37B5C1731EF3DEDE0097A038 /* CCCommonDefine.swift in Sources */,
				37B5C1591EF3C0570097A038 /* CCAttributedStringExtension.swift in Sources */,
				37B5C1761EF3DF740097A038 /* CCCollectionViewExtension.swift in Sources */,
				37B5C15E1EF3C0570097A038 /* CCDictionaryExtension.swift in Sources */,
				37B5C1631EF3C07E0097A038 /* CCBarButtonItemExtension.swift in Sources */,
				37B5C1581EF3C0570097A038 /* CCArrayExtension.swift in Sources */,
				37B5C1611EF3C0570097A038 /* CCTimeIntervalExtension.swift in Sources */,
			);
			runOnlyForDeploymentPostprocessing = 0;
		};
/* End PBXSourcesBuildPhase section */

/* Begin PBXVariantGroup section */
		37249BAF1EF132BB0037D6BE /* Main.storyboard */ = {
			isa = PBXVariantGroup;
			children = (
				37249BB01EF132BB0037D6BE /* Base */,
			);
			name = Main.storyboard;
			sourceTree = "<group>";
		};
		37249BB41EF132BB0037D6BE /* LaunchScreen.storyboard */ = {
			isa = PBXVariantGroup;
			children = (
				37249BB51EF132BB0037D6BE /* Base */,
			);
			name = LaunchScreen.storyboard;
			sourceTree = "<group>";
		};
/* End PBXVariantGroup section */

/* Begin XCBuildConfiguration section */
		37249BB81EF132BB0037D6BE /* Debug */ = {
			isa = XCBuildConfiguration;
			buildSettings = {
				ALWAYS_SEARCH_USER_PATHS = NO;
				CLANG_ANALYZER_NONNULL = YES;
				CLANG_ANALYZER_NUMBER_OBJECT_CONVERSION = YES_AGGRESSIVE;
				CLANG_CXX_LANGUAGE_STANDARD = "gnu++0x";
				CLANG_CXX_LIBRARY = "libc++";
				CLANG_ENABLE_MODULES = YES;
				CLANG_ENABLE_OBJC_ARC = YES;
				CLANG_WARN_BOOL_CONVERSION = YES;
				CLANG_WARN_CONSTANT_CONVERSION = YES;
				CLANG_WARN_DIRECT_OBJC_ISA_USAGE = YES_ERROR;
				CLANG_WARN_DOCUMENTATION_COMMENTS = YES;
				CLANG_WARN_EMPTY_BODY = YES;
				CLANG_WARN_ENUM_CONVERSION = YES;
				CLANG_WARN_INFINITE_RECURSION = YES;
				CLANG_WARN_INT_CONVERSION = YES;
				CLANG_WARN_OBJC_ROOT_CLASS = YES_ERROR;
				CLANG_WARN_SUSPICIOUS_MOVE = YES;
				CLANG_WARN_UNREACHABLE_CODE = YES;
				CLANG_WARN__DUPLICATE_METHOD_MATCH = YES;
				"CODE_SIGN_IDENTITY[sdk=iphoneos*]" = "iPhone Developer";
				COPY_PHASE_STRIP = NO;
				DEBUG_INFORMATION_FORMAT = dwarf;
				ENABLE_STRICT_OBJC_MSGSEND = YES;
				ENABLE_TESTABILITY = YES;
				GCC_C_LANGUAGE_STANDARD = gnu99;
				GCC_DYNAMIC_NO_PIC = NO;
				GCC_NO_COMMON_BLOCKS = YES;
				GCC_OPTIMIZATION_LEVEL = 0;
				GCC_PREPROCESSOR_DEFINITIONS = (
					"DEBUG=1",
					"$(inherited)",
				);
				GCC_WARN_64_TO_32_BIT_CONVERSION = YES;
				GCC_WARN_ABOUT_RETURN_TYPE = YES_ERROR;
				GCC_WARN_UNDECLARED_SELECTOR = YES;
				GCC_WARN_UNINITIALIZED_AUTOS = YES_AGGRESSIVE;
				GCC_WARN_UNUSED_FUNCTION = YES;
				GCC_WARN_UNUSED_VARIABLE = YES;
				IPHONEOS_DEPLOYMENT_TARGET = 10.3;
				MTL_ENABLE_DEBUG_INFO = YES;
				ONLY_ACTIVE_ARCH = YES;
				SDKROOT = iphoneos;
				SWIFT_ACTIVE_COMPILATION_CONDITIONS = DEBUG;
				SWIFT_OPTIMIZATION_LEVEL = "-Onone";
				TARGETED_DEVICE_FAMILY = "1,2";
			};
			name = Debug;
		};
		37249BB91EF132BB0037D6BE /* Release */ = {
			isa = XCBuildConfiguration;
			buildSettings = {
				ALWAYS_SEARCH_USER_PATHS = NO;
				CLANG_ANALYZER_NONNULL = YES;
				CLANG_ANALYZER_NUMBER_OBJECT_CONVERSION = YES_AGGRESSIVE;
				CLANG_CXX_LANGUAGE_STANDARD = "gnu++0x";
				CLANG_CXX_LIBRARY = "libc++";
				CLANG_ENABLE_MODULES = YES;
				CLANG_ENABLE_OBJC_ARC = YES;
				CLANG_WARN_BOOL_CONVERSION = YES;
				CLANG_WARN_CONSTANT_CONVERSION = YES;
				CLANG_WARN_DIRECT_OBJC_ISA_USAGE = YES_ERROR;
				CLANG_WARN_DOCUMENTATION_COMMENTS = YES;
				CLANG_WARN_EMPTY_BODY = YES;
				CLANG_WARN_ENUM_CONVERSION = YES;
				CLANG_WARN_INFINITE_RECURSION = YES;
				CLANG_WARN_INT_CONVERSION = YES;
				CLANG_WARN_OBJC_ROOT_CLASS = YES_ERROR;
				CLANG_WARN_SUSPICIOUS_MOVE = YES;
				CLANG_WARN_UNREACHABLE_CODE = YES;
				CLANG_WARN__DUPLICATE_METHOD_MATCH = YES;
				"CODE_SIGN_IDENTITY[sdk=iphoneos*]" = "iPhone Developer";
				COPY_PHASE_STRIP = NO;
				DEBUG_INFORMATION_FORMAT = "dwarf-with-dsym";
				ENABLE_NS_ASSERTIONS = NO;
				ENABLE_STRICT_OBJC_MSGSEND = YES;
				GCC_C_LANGUAGE_STANDARD = gnu99;
				GCC_NO_COMMON_BLOCKS = YES;
				GCC_WARN_64_TO_32_BIT_CONVERSION = YES;
				GCC_WARN_ABOUT_RETURN_TYPE = YES_ERROR;
				GCC_WARN_UNDECLARED_SELECTOR = YES;
				GCC_WARN_UNINITIALIZED_AUTOS = YES_AGGRESSIVE;
				GCC_WARN_UNUSED_FUNCTION = YES;
				GCC_WARN_UNUSED_VARIABLE = YES;
				IPHONEOS_DEPLOYMENT_TARGET = 10.3;
				MTL_ENABLE_DEBUG_INFO = NO;
				SDKROOT = iphoneos;
				SWIFT_OPTIMIZATION_LEVEL = "-Owholemodule";
				TARGETED_DEVICE_FAMILY = "1,2";
				VALIDATE_PRODUCT = YES;
			};
			name = Release;
		};
		37249BBB1EF132BB0037D6BE /* Debug */ = {
			isa = XCBuildConfiguration;
			buildSettings = {
				ASSETCATALOG_COMPILER_APPICON_NAME = AppIcon;
				CLANG_ENABLE_MODULES = YES;
				DEVELOPMENT_TEAM = Y6QZNMQWRN;
				INFOPLIST_FILE = "CCLocalLibrary-Swift/Info.plist";
				LD_RUNPATH_SEARCH_PATHS = "$(inherited) @executable_path/Frameworks";
				PRODUCT_BUNDLE_IDENTIFIER = "CC.CCLocalLibrary-Swift";
				PRODUCT_NAME = "$(TARGET_NAME)";
				SWIFT_OBJC_BRIDGING_HEADER = "CCLocalLib-Swift/LocalLib/Bridge/CCLocalLibrary-Swift-Bridging-Header.h";
				SWIFT_OPTIMIZATION_LEVEL = "-Onone";
				SWIFT_VERSION = 3.0;
			};
			name = Debug;
		};
		37249BBC1EF132BB0037D6BE /* Release */ = {
			isa = XCBuildConfiguration;
			buildSettings = {
				ASSETCATALOG_COMPILER_APPICON_NAME = AppIcon;
				CLANG_ENABLE_MODULES = YES;
				DEVELOPMENT_TEAM = Y6QZNMQWRN;
				INFOPLIST_FILE = "CCLocalLibrary-Swift/Info.plist";
				LD_RUNPATH_SEARCH_PATHS = "$(inherited) @executable_path/Frameworks";
				PRODUCT_BUNDLE_IDENTIFIER = "CC.CCLocalLibrary-Swift";
				PRODUCT_NAME = "$(TARGET_NAME)";
				SWIFT_OBJC_BRIDGING_HEADER = "CCLocalLib-Swift/LocalLib/Bridge/CCLocalLibrary-Swift-Bridging-Header.h";
				SWIFT_VERSION = 3.0;
			};
			name = Release;
		};
/* End XCBuildConfiguration section */

/* Begin XCConfigurationList section */
		37249BA31EF132BA0037D6BE /* Build configuration list for PBXProject "CCLocalLibrary-Swift" */ = {
			isa = XCConfigurationList;
			buildConfigurations = (
				37249BB81EF132BB0037D6BE /* Debug */,
				37249BB91EF132BB0037D6BE /* Release */,
			);
			defaultConfigurationIsVisible = 0;
			defaultConfigurationName = Release;
		};
		37249BBA1EF132BB0037D6BE /* Build configuration list for PBXNativeTarget "CCLocalLibrary-Swift" */ = {
			isa = XCConfigurationList;
			buildConfigurations = (
				37249BBB1EF132BB0037D6BE /* Debug */,
				37249BBC1EF132BB0037D6BE /* Release */,
			);
			defaultConfigurationIsVisible = 0;
			defaultConfigurationName = Release;
		};
/* End XCConfigurationList section */
	};
	rootObject = 37249BA01EF132BA0037D6BE /* Project object */;
}
